// !$*UTF8*$!
{
	archiveVersion = 1;
	classes = {
	};
	objectVersion = 56;
	objects = {

/* Begin PBXBuildFile section */
		B149D109291347350056509D /* AppDelegate.swift in Sources */ = {isa = PBXBuildFile; fileRef = B149D108291347350056509D /* AppDelegate.swift */; };
		B149D11529134C2A0056509D /* SpotifyiOS.framework in Frameworks */ = {isa = PBXBuildFile; fileRef = B149D11429134C2A0056509D /* SpotifyiOS.framework */; };
		B1C0CA2F29142C6700445D87 /* FirebaseAnalytics in Frameworks */ = {isa = PBXBuildFile; productRef = B1C0CA2E29142C6700445D87 /* FirebaseAnalytics */; };
		B1C0CA3129142C6700445D87 /* FirebaseAnalyticsOnDeviceConversion in Frameworks */ = {isa = PBXBuildFile; productRef = B1C0CA3029142C6700445D87 /* FirebaseAnalyticsOnDeviceConversion */; };
		B1C0CA3329142C6700445D87 /* FirebaseAnalyticsSwift in Frameworks */ = {isa = PBXBuildFile; productRef = B1C0CA3229142C6700445D87 /* FirebaseAnalyticsSwift */; };
		B1C0CA3529142C6700445D87 /* FirebaseAppCheck in Frameworks */ = {isa = PBXBuildFile; productRef = B1C0CA3429142C6700445D87 /* FirebaseAppCheck */; };
		B1C0CA3729142C6700445D87 /* FirebaseAppDistribution-Beta in Frameworks */ = {isa = PBXBuildFile; productRef = B1C0CA3629142C6700445D87 /* FirebaseAppDistribution-Beta */; };
		B1C0CA3929142C6700445D87 /* FirebaseAuth in Frameworks */ = {isa = PBXBuildFile; productRef = B1C0CA3829142C6700445D87 /* FirebaseAuth */; };
		B1C0CA3B29142C6700445D87 /* FirebaseCrashlytics in Frameworks */ = {isa = PBXBuildFile; productRef = B1C0CA3A29142C6700445D87 /* FirebaseCrashlytics */; };
		B1C0CA3D29142C6700445D87 /* FirebaseDatabase in Frameworks */ = {isa = PBXBuildFile; productRef = B1C0CA3C29142C6700445D87 /* FirebaseDatabase */; };
		B1C0CA3F29142C6700445D87 /* FirebaseDatabaseSwift in Frameworks */ = {isa = PBXBuildFile; productRef = B1C0CA3E29142C6700445D87 /* FirebaseDatabaseSwift */; };
		B1C0CA4129142C6700445D87 /* FirebaseDynamicLinks in Frameworks */ = {isa = PBXBuildFile; productRef = B1C0CA4029142C6700445D87 /* FirebaseDynamicLinks */; };
		B1C0CA4329142C6700445D87 /* FirebaseFirestore in Frameworks */ = {isa = PBXBuildFile; productRef = B1C0CA4229142C6700445D87 /* FirebaseFirestore */; };
		B1C0CA4529142C6700445D87 /* FirebaseFirestoreCombine-Community in Frameworks */ = {isa = PBXBuildFile; productRef = B1C0CA4429142C6700445D87 /* FirebaseFirestoreCombine-Community */; };
		B1C0CA4729142C6700445D87 /* FirebaseFirestoreSwift in Frameworks */ = {isa = PBXBuildFile; productRef = B1C0CA4629142C6700445D87 /* FirebaseFirestoreSwift */; };
		B1C0CA4929142C6700445D87 /* FirebaseFunctions in Frameworks */ = {isa = PBXBuildFile; productRef = B1C0CA4829142C6700445D87 /* FirebaseFunctions */; };
		B1C0CA4B29142C6700445D87 /* FirebaseStorage in Frameworks */ = {isa = PBXBuildFile; productRef = B1C0CA4A29142C6700445D87 /* FirebaseStorage */; };
		B1C0CA4D29142C6700445D87 /* FirebaseStorageCombine-Community in Frameworks */ = {isa = PBXBuildFile; productRef = B1C0CA4C29142C6700445D87 /* FirebaseStorageCombine-Community */; };
		B1C0CA5129142FA900445D87 /* GoogleService-Info.plist in Resources */ = {isa = PBXBuildFile; fileRef = B1C0CA5029142FA900445D87 /* GoogleService-Info.plist */; };
		B1C0CA532914AD3500445D87 /* HomeFeed.swift in Sources */ = {isa = PBXBuildFile; fileRef = B1C0CA522914AD3500445D87 /* HomeFeed.swift */; };
		B1C0CA552914AE9700445D87 /* ViewModel.swift in Sources */ = {isa = PBXBuildFile; fileRef = B1C0CA542914AE9700445D87 /* ViewModel.swift */; };
		D34D47B728F9DB6E00224758 /* TuneInApp.swift in Sources */ = {isa = PBXBuildFile; fileRef = D34D47B628F9DB6E00224758 /* TuneInApp.swift */; };
		D34D47B928F9DB6E00224758 /* ContentView.swift in Sources */ = {isa = PBXBuildFile; fileRef = D34D47B828F9DB6E00224758 /* ContentView.swift */; };
		D34D47BB28F9DB7000224758 /* Assets.xcassets in Resources */ = {isa = PBXBuildFile; fileRef = D34D47BA28F9DB7000224758 /* Assets.xcassets */; };
		D34D47BE28F9DB7000224758 /* Preview Assets.xcassets in Resources */ = {isa = PBXBuildFile; fileRef = D34D47BD28F9DB7000224758 /* Preview Assets.xcassets */; };
		D34D47C828F9DC3600224758 /* Post.swift in Sources */ = {isa = PBXBuildFile; fileRef = D34D47C728F9DC3600224758 /* Post.swift */; };
		D34D47CA28F9E1FF00224758 /* Song.swift in Sources */ = {isa = PBXBuildFile; fileRef = D34D47C928F9E1FF00224758 /* Song.swift */; };
		D34D47D028F9E8BF00224758 /* UserInfo.swift in Sources */ = {isa = PBXBuildFile; fileRef = D34D47CF28F9E8BF00224758 /* UserInfo.swift */; };
		D34D47D228F9E8FA00224758 /* Notification.swift in Sources */ = {isa = PBXBuildFile; fileRef = D34D47D128F9E8FA00224758 /* Notification.swift */; };
/* End PBXBuildFile section */

/* Begin PBXFileReference section */
		B149D108291347350056509D /* AppDelegate.swift */ = {isa = PBXFileReference; lastKnownFileType = sourcecode.swift; path = AppDelegate.swift; sourceTree = "<group>"; };
		B149D11429134C2A0056509D /* SpotifyiOS.framework */ = {isa = PBXFileReference; lastKnownFileType = wrapper.framework; name = SpotifyiOS.framework; path = "ios-sdk-1.2.2/SpotifyiOS.framework"; sourceTree = SOURCE_ROOT; };
		B149D11629134DDC0056509D /* TuneIn-Bridging-Header.h */ = {isa = PBXFileReference; lastKnownFileType = sourcecode.c.h; path = "TuneIn-Bridging-Header.h"; sourceTree = "<group>"; };
		B1C0CA5029142FA900445D87 /* GoogleService-Info.plist */ = {isa = PBXFileReference; fileEncoding = 4; lastKnownFileType = text.plist.xml; name = "GoogleService-Info.plist"; path = "../../../../../Downloads/GoogleService-Info.plist"; sourceTree = "<group>"; };
		B1C0CA522914AD3500445D87 /* HomeFeed.swift */ = {isa = PBXFileReference; lastKnownFileType = sourcecode.swift; path = HomeFeed.swift; sourceTree = SOURCE_ROOT; };
		B1C0CA542914AE9700445D87 /* ViewModel.swift */ = {isa = PBXFileReference; lastKnownFileType = sourcecode.swift; path = ViewModel.swift; sourceTree = SOURCE_ROOT; };
		B1EA827B29135D2200FAF2C2 /* Info.plist */ = {isa = PBXFileReference; lastKnownFileType = text.plist.xml; path = Info.plist; sourceTree = "<group>"; };
		D34D47B328F9DB6E00224758 /* TuneIn.app */ = {isa = PBXFileReference; explicitFileType = wrapper.application; includeInIndex = 0; path = TuneIn.app; sourceTree = BUILT_PRODUCTS_DIR; };
		D34D47B628F9DB6E00224758 /* TuneInApp.swift */ = {isa = PBXFileReference; lastKnownFileType = sourcecode.swift; path = TuneInApp.swift; sourceTree = "<group>"; };
		D34D47B828F9DB6E00224758 /* ContentView.swift */ = {isa = PBXFileReference; lastKnownFileType = sourcecode.swift; path = ContentView.swift; sourceTree = "<group>"; };
		D34D47BA28F9DB7000224758 /* Assets.xcassets */ = {isa = PBXFileReference; lastKnownFileType = folder.assetcatalog; path = Assets.xcassets; sourceTree = "<group>"; };
		D34D47BD28F9DB7000224758 /* Preview Assets.xcassets */ = {isa = PBXFileReference; lastKnownFileType = folder.assetcatalog; path = "Preview Assets.xcassets"; sourceTree = "<group>"; };
		D34D47C728F9DC3600224758 /* Post.swift */ = {isa = PBXFileReference; lastKnownFileType = sourcecode.swift; path = Post.swift; sourceTree = "<group>"; };
		D34D47C928F9E1FF00224758 /* Song.swift */ = {isa = PBXFileReference; lastKnownFileType = sourcecode.swift; path = Song.swift; sourceTree = "<group>"; };
		D34D47CF28F9E8BF00224758 /* UserInfo.swift */ = {isa = PBXFileReference; lastKnownFileType = sourcecode.swift; path = UserInfo.swift; sourceTree = "<group>"; };
		D34D47D128F9E8FA00224758 /* Notification.swift */ = {isa = PBXFileReference; lastKnownFileType = sourcecode.swift; path = Notification.swift; sourceTree = "<group>"; };
/* End PBXFileReference section */

/* Begin PBXFrameworksBuildPhase section */
		D34D47B028F9DB6E00224758 /* Frameworks */ = {
			isa = PBXFrameworksBuildPhase;
			buildActionMask = 2147483647;
			files = (
				B1C0CA4529142C6700445D87 /* FirebaseFirestoreCombine-Community in Frameworks */,
				B1C0CA3F29142C6700445D87 /* FirebaseDatabaseSwift in Frameworks */,
				B1C0CA4129142C6700445D87 /* FirebaseDynamicLinks in Frameworks */,
				B1C0CA4729142C6700445D87 /* FirebaseFirestoreSwift in Frameworks */,
				B1C0CA3329142C6700445D87 /* FirebaseAnalyticsSwift in Frameworks */,
				B1C0CA4B29142C6700445D87 /* FirebaseStorage in Frameworks */,
				B1C0CA4D29142C6700445D87 /* FirebaseStorageCombine-Community in Frameworks */,
				B1C0CA2F29142C6700445D87 /* FirebaseAnalytics in Frameworks */,
				B1C0CA3129142C6700445D87 /* FirebaseAnalyticsOnDeviceConversion in Frameworks */,
				B1C0CA4329142C6700445D87 /* FirebaseFirestore in Frameworks */,
				B1C0CA3529142C6700445D87 /* FirebaseAppCheck in Frameworks */,
				B149D11529134C2A0056509D /* SpotifyiOS.framework in Frameworks */,
				B1C0CA3B29142C6700445D87 /* FirebaseCrashlytics in Frameworks */,
				B1C0CA3D29142C6700445D87 /* FirebaseDatabase in Frameworks */,
				B1C0CA4929142C6700445D87 /* FirebaseFunctions in Frameworks */,
				B1C0CA3929142C6700445D87 /* FirebaseAuth in Frameworks */,
				B1C0CA3729142C6700445D87 /* FirebaseAppDistribution-Beta in Frameworks */,
			);
			runOnlyForDeploymentPostprocessing = 0;
		};
/* End PBXFrameworksBuildPhase section */

/* Begin PBXGroup section */
		D34D47AA28F9DB6E00224758 = {
			isa = PBXGroup;
			children = (
				B149D11629134DDC0056509D /* TuneIn-Bridging-Header.h */,
				D34D47B528F9DB6E00224758 /* TuneIn */,
				D34D47B428F9DB6E00224758 /* Products */,
			);
			sourceTree = "<group>";
		};
		D34D47B428F9DB6E00224758 /* Products */ = {
			isa = PBXGroup;
			children = (
				D34D47B328F9DB6E00224758 /* TuneIn.app */,
			);
			name = Products;
			sourceTree = "<group>";
		};
		D34D47B528F9DB6E00224758 /* TuneIn */ = {
			isa = PBXGroup;
			children = (
				D34D47C628F9DC0B00224758 /* VIewModel */,
				D34D47C528F9DBE700224758 /* Model */,
				D34D47C428F9DBDE00224758 /* Views */,
				D34D47B628F9DB6E00224758 /* TuneInApp.swift */,
				D34D47B828F9DB6E00224758 /* ContentView.swift */,
				D34D47BA28F9DB7000224758 /* Assets.xcassets */,
				D34D47BC28F9DB7000224758 /* Preview Content */,
				B149D108291347350056509D /* AppDelegate.swift */,
				B149D11429134C2A0056509D /* SpotifyiOS.framework */,
				B1EA827B29135D2200FAF2C2 /* Info.plist */,
				B1C0CA5029142FA900445D87 /* GoogleService-Info.plist */,
			);
			path = TuneIn;
			sourceTree = "<group>";
		};
		D34D47BC28F9DB7000224758 /* Preview Content */ = {
			isa = PBXGroup;
			children = (
				D34D47BD28F9DB7000224758 /* Preview Assets.xcassets */,
			);
			path = "Preview Content";
			sourceTree = "<group>";
		};
		D34D47C428F9DBDE00224758 /* Views */ = {
			isa = PBXGroup;
			children = (
				B1C0CA522914AD3500445D87 /* HomeFeed.swift */,
			);
			path = Views;
			sourceTree = "<group>";
		};
		D34D47C528F9DBE700224758 /* Model */ = {
			isa = PBXGroup;
			children = (
				D34D47C728F9DC3600224758 /* Post.swift */,
				D34D47C928F9E1FF00224758 /* Song.swift */,
				D34D47CF28F9E8BF00224758 /* UserInfo.swift */,
				D34D47D128F9E8FA00224758 /* Notification.swift */,
			);
			path = Model;
			sourceTree = "<group>";
		};
		D34D47C628F9DC0B00224758 /* VIewModel */ = {
			isa = PBXGroup;
			children = (
				B1C0CA542914AE9700445D87 /* ViewModel.swift */,
			);
			path = VIewModel;
			sourceTree = "<group>";
		};
/* End PBXGroup section */

/* Begin PBXNativeTarget section */
		D34D47B228F9DB6E00224758 /* TuneIn */ = {
			isa = PBXNativeTarget;
			buildConfigurationList = D34D47C128F9DB7000224758 /* Build configuration list for PBXNativeTarget "TuneIn" */;
			buildPhases = (
				D34D47AF28F9DB6E00224758 /* Sources */,
				D34D47B028F9DB6E00224758 /* Frameworks */,
				D34D47B128F9DB6E00224758 /* Resources */,
			);
			buildRules = (
			);
			dependencies = (
			);
			name = TuneIn;
			packageProductDependencies = (
				B1C0CA2E29142C6700445D87 /* FirebaseAnalytics */,
				B1C0CA3029142C6700445D87 /* FirebaseAnalyticsOnDeviceConversion */,
				B1C0CA3229142C6700445D87 /* FirebaseAnalyticsSwift */,
				B1C0CA3429142C6700445D87 /* FirebaseAppCheck */,
				B1C0CA3629142C6700445D87 /* FirebaseAppDistribution-Beta */,
				B1C0CA3829142C6700445D87 /* FirebaseAuth */,
				B1C0CA3A29142C6700445D87 /* FirebaseCrashlytics */,
				B1C0CA3C29142C6700445D87 /* FirebaseDatabase */,
				B1C0CA3E29142C6700445D87 /* FirebaseDatabaseSwift */,
				B1C0CA4029142C6700445D87 /* FirebaseDynamicLinks */,
				B1C0CA4229142C6700445D87 /* FirebaseFirestore */,
				B1C0CA4429142C6700445D87 /* FirebaseFirestoreCombine-Community */,
				B1C0CA4629142C6700445D87 /* FirebaseFirestoreSwift */,
				B1C0CA4829142C6700445D87 /* FirebaseFunctions */,
				B1C0CA4A29142C6700445D87 /* FirebaseStorage */,
				B1C0CA4C29142C6700445D87 /* FirebaseStorageCombine-Community */,
			);
			productName = TuneIn;
			productReference = D34D47B328F9DB6E00224758 /* TuneIn.app */;
			productType = "com.apple.product-type.application";
		};
/* End PBXNativeTarget section */

/* Begin PBXProject section */
		D34D47AB28F9DB6E00224758 /* Project object */ = {
			isa = PBXProject;
			attributes = {
				BuildIndependentTargetsInParallel = 1;
				LastSwiftUpdateCheck = 1400;
				LastUpgradeCheck = 1400;
				TargetAttributes = {
					D34D47B228F9DB6E00224758 = {
						CreatedOnToolsVersion = 14.0;
					};
				};
			};
			buildConfigurationList = D34D47AE28F9DB6E00224758 /* Build configuration list for PBXProject "TuneIn" */;
			compatibilityVersion = "Xcode 14.0";
			developmentRegion = en;
			hasScannedForEncodings = 0;
			knownRegions = (
				en,
				Base,
			);
			mainGroup = D34D47AA28F9DB6E00224758;
			packageReferences = (
				B1C0CA2D29142C6700445D87 /* XCRemoteSwiftPackageReference "firebase-ios-sdk" */,
			);
			productRefGroup = D34D47B428F9DB6E00224758 /* Products */;
			projectDirPath = "";
			projectRoot = "";
			targets = (
				D34D47B228F9DB6E00224758 /* TuneIn */,
			);
		};
/* End PBXProject section */

/* Begin PBXResourcesBuildPhase section */
		D34D47B128F9DB6E00224758 /* Resources */ = {
			isa = PBXResourcesBuildPhase;
			buildActionMask = 2147483647;
			files = (
				D34D47BE28F9DB7000224758 /* Preview Assets.xcassets in Resources */,
				D34D47BB28F9DB7000224758 /* Assets.xcassets in Resources */,
				B1C0CA5129142FA900445D87 /* GoogleService-Info.plist in Resources */,
			);
			runOnlyForDeploymentPostprocessing = 0;
		};
/* End PBXResourcesBuildPhase section */

/* Begin PBXSourcesBuildPhase section */
		D34D47AF28F9DB6E00224758 /* Sources */ = {
			isa = PBXSourcesBuildPhase;
			buildActionMask = 2147483647;
			files = (
				D34D47CA28F9E1FF00224758 /* Song.swift in Sources */,
				B1C0CA552914AE9700445D87 /* ViewModel.swift in Sources */,
				D34D47C828F9DC3600224758 /* Post.swift in Sources */,
				D34D47D228F9E8FA00224758 /* Notification.swift in Sources */,
				D34D47B928F9DB6E00224758 /* ContentView.swift in Sources */,
				B149D109291347350056509D /* AppDelegate.swift in Sources */,
				D34D47D028F9E8BF00224758 /* UserInfo.swift in Sources */,
				B1C0CA532914AD3500445D87 /* HomeFeed.swift in Sources */,
				D34D47B728F9DB6E00224758 /* TuneInApp.swift in Sources */,
			);
			runOnlyForDeploymentPostprocessing = 0;
		};
/* End PBXSourcesBuildPhase section */

/* Begin XCBuildConfiguration section */
		D34D47BF28F9DB7000224758 /* Debug */ = {
			isa = XCBuildConfiguration;
			buildSettings = {
				ALWAYS_SEARCH_USER_PATHS = NO;
				CLANG_ANALYZER_NONNULL = YES;
				CLANG_ANALYZER_NUMBER_OBJECT_CONVERSION = YES_AGGRESSIVE;
				CLANG_CXX_LANGUAGE_STANDARD = "gnu++20";
				CLANG_ENABLE_MODULES = YES;
				CLANG_ENABLE_OBJC_ARC = YES;
				CLANG_ENABLE_OBJC_WEAK = YES;
				CLANG_WARN_BLOCK_CAPTURE_AUTORELEASING = YES;
				CLANG_WARN_BOOL_CONVERSION = YES;
				CLANG_WARN_COMMA = YES;
				CLANG_WARN_CONSTANT_CONVERSION = YES;
				CLANG_WARN_DEPRECATED_OBJC_IMPLEMENTATIONS = YES;
				CLANG_WARN_DIRECT_OBJC_ISA_USAGE = YES_ERROR;
				CLANG_WARN_DOCUMENTATION_COMMENTS = YES;
				CLANG_WARN_EMPTY_BODY = YES;
				CLANG_WARN_ENUM_CONVERSION = YES;
				CLANG_WARN_INFINITE_RECURSION = YES;
				CLANG_WARN_INT_CONVERSION = YES;
				CLANG_WARN_NON_LITERAL_NULL_CONVERSION = YES;
				CLANG_WARN_OBJC_IMPLICIT_RETAIN_SELF = YES;
				CLANG_WARN_OBJC_LITERAL_CONVERSION = YES;
				CLANG_WARN_OBJC_ROOT_CLASS = YES_ERROR;
				CLANG_WARN_QUOTED_INCLUDE_IN_FRAMEWORK_HEADER = YES;
				CLANG_WARN_RANGE_LOOP_ANALYSIS = YES;
				CLANG_WARN_STRICT_PROTOTYPES = YES;
				CLANG_WARN_SUSPICIOUS_MOVE = YES;
				CLANG_WARN_UNGUARDED_AVAILABILITY = YES_AGGRESSIVE;
				CLANG_WARN_UNREACHABLE_CODE = YES;
				CLANG_WARN__DUPLICATE_METHOD_MATCH = YES;
				COPY_PHASE_STRIP = NO;
				DEBUG_INFORMATION_FORMAT = dwarf;
				ENABLE_STRICT_OBJC_MSGSEND = YES;
				ENABLE_TESTABILITY = YES;
				GCC_C_LANGUAGE_STANDARD = gnu11;
				GCC_DYNAMIC_NO_PIC = NO;
				GCC_NO_COMMON_BLOCKS = YES;
				GCC_OPTIMIZATION_LEVEL = 0;
				GCC_PREPROCESSOR_DEFINITIONS = (
					"DEBUG=1",
					"$(inherited)",
				);
				GCC_WARN_64_TO_32_BIT_CONVERSION = YES;
				GCC_WARN_ABOUT_RETURN_TYPE = YES_ERROR;
				GCC_WARN_UNDECLARED_SELECTOR = YES;
				GCC_WARN_UNINITIALIZED_AUTOS = YES_AGGRESSIVE;
				GCC_WARN_UNUSED_FUNCTION = YES;
				GCC_WARN_UNUSED_VARIABLE = YES;
				IPHONEOS_DEPLOYMENT_TARGET = 15.4;
				MTL_ENABLE_DEBUG_INFO = INCLUDE_SOURCE;
				MTL_FAST_MATH = YES;
				ONLY_ACTIVE_ARCH = YES;
				SDKROOT = iphoneos;
				SWIFT_ACTIVE_COMPILATION_CONDITIONS = DEBUG;
				SWIFT_OPTIMIZATION_LEVEL = "-Onone";
			};
			name = Debug;
		};
		D34D47C028F9DB7000224758 /* Release */ = {
			isa = XCBuildConfiguration;
			buildSettings = {
				ALWAYS_SEARCH_USER_PATHS = NO;
				CLANG_ANALYZER_NONNULL = YES;
				CLANG_ANALYZER_NUMBER_OBJECT_CONVERSION = YES_AGGRESSIVE;
				CLANG_CXX_LANGUAGE_STANDARD = "gnu++20";
				CLANG_ENABLE_MODULES = YES;
				CLANG_ENABLE_OBJC_ARC = YES;
				CLANG_ENABLE_OBJC_WEAK = YES;
				CLANG_WARN_BLOCK_CAPTURE_AUTORELEASING = YES;
				CLANG_WARN_BOOL_CONVERSION = YES;
				CLANG_WARN_COMMA = YES;
				CLANG_WARN_CONSTANT_CONVERSION = YES;
				CLANG_WARN_DEPRECATED_OBJC_IMPLEMENTATIONS = YES;
				CLANG_WARN_DIRECT_OBJC_ISA_USAGE = YES_ERROR;
				CLANG_WARN_DOCUMENTATION_COMMENTS = YES;
				CLANG_WARN_EMPTY_BODY = YES;
				CLANG_WARN_ENUM_CONVERSION = YES;
				CLANG_WARN_INFINITE_RECURSION = YES;
				CLANG_WARN_INT_CONVERSION = YES;
				CLANG_WARN_NON_LITERAL_NULL_CONVERSION = YES;
				CLANG_WARN_OBJC_IMPLICIT_RETAIN_SELF = YES;
				CLANG_WARN_OBJC_LITERAL_CONVERSION = YES;
				CLANG_WARN_OBJC_ROOT_CLASS = YES_ERROR;
				CLANG_WARN_QUOTED_INCLUDE_IN_FRAMEWORK_HEADER = YES;
				CLANG_WARN_RANGE_LOOP_ANALYSIS = YES;
				CLANG_WARN_STRICT_PROTOTYPES = YES;
				CLANG_WARN_SUSPICIOUS_MOVE = YES;
				CLANG_WARN_UNGUARDED_AVAILABILITY = YES_AGGRESSIVE;
				CLANG_WARN_UNREACHABLE_CODE = YES;
				CLANG_WARN__DUPLICATE_METHOD_MATCH = YES;
				COPY_PHASE_STRIP = NO;
				DEBUG_INFORMATION_FORMAT = "dwarf-with-dsym";
				ENABLE_NS_ASSERTIONS = NO;
				ENABLE_STRICT_OBJC_MSGSEND = YES;
				GCC_C_LANGUAGE_STANDARD = gnu11;
				GCC_NO_COMMON_BLOCKS = YES;
				GCC_WARN_64_TO_32_BIT_CONVERSION = YES;
				GCC_WARN_ABOUT_RETURN_TYPE = YES_ERROR;
				GCC_WARN_UNDECLARED_SELECTOR = YES;
				GCC_WARN_UNINITIALIZED_AUTOS = YES_AGGRESSIVE;
				GCC_WARN_UNUSED_FUNCTION = YES;
				GCC_WARN_UNUSED_VARIABLE = YES;
				IPHONEOS_DEPLOYMENT_TARGET = 15.4;
				MTL_ENABLE_DEBUG_INFO = NO;
				MTL_FAST_MATH = YES;
				SDKROOT = iphoneos;
				SWIFT_COMPILATION_MODE = wholemodule;
				SWIFT_OPTIMIZATION_LEVEL = "-O";
				VALIDATE_PRODUCT = YES;
			};
			name = Release;
		};
		D34D47C228F9DB7000224758 /* Debug */ = {
			isa = XCBuildConfiguration;
			buildSettings = {
				ASSETCATALOG_COMPILER_APPICON_NAME = AppIcon;
				ASSETCATALOG_COMPILER_GLOBAL_ACCENT_COLOR_NAME = AccentColor;
				CODE_SIGN_STYLE = Automatic;
				CURRENT_PROJECT_VERSION = 1;
				DEVELOPMENT_ASSET_PATHS = "\"TuneIn/Preview Content\"";
				DEVELOPMENT_TEAM = 2VHAH62T69;
				ENABLE_PREVIEWS = YES;
				EXCLUDED_ARCHS = "";
				"EXCLUDED_ARCHS[sdk=iphonesimulator*]" = arm64;
				FRAMEWORK_SEARCH_PATHS = (
					"$(inherited)",
					"$(PROJECT_DIR)",
					"$(PROJECT_DIR)/ios-sdk-1.2.2",
				);
				GENERATE_INFOPLIST_FILE = YES;
				INFOPLIST_KEY_UIApplicationSceneManifest_Generation = YES;
				INFOPLIST_KEY_UIApplicationSupportsIndirectInputEvents = YES;
				INFOPLIST_KEY_UILaunchScreen_Generation = YES;
				INFOPLIST_KEY_UISupportedInterfaceOrientations_iPad = "UIInterfaceOrientationPortrait UIInterfaceOrientationPortraitUpsideDown UIInterfaceOrientationLandscapeLeft UIInterfaceOrientationLandscapeRight";
				INFOPLIST_KEY_UISupportedInterfaceOrientations_iPhone = "UIInterfaceOrientationPortrait UIInterfaceOrientationLandscapeLeft UIInterfaceOrientationLandscapeRight";
				LD_RUNPATH_SEARCH_PATHS = (
					"$(inherited)",
					"@executable_path/Frameworks",
				);
				MARKETING_VERSION = 1.0;
				OTHER_LDFLAGS = "-ObjC";
				PRODUCT_BUNDLE_IDENTIFIER = "-43.TuneIn";
				PRODUCT_NAME = "$(TARGET_NAME)";
				SWIFT_EMIT_LOC_STRINGS = YES;
				SWIFT_OBJC_BRIDGING_HEADER = "TuneIn-Bridging-Header.h";
				SWIFT_VERSION = 5.0;
				TARGETED_DEVICE_FAMILY = "1,2";
			};
			name = Debug;
		};
		D34D47C328F9DB7000224758 /* Release */ = {
			isa = XCBuildConfiguration;
			buildSettings = {
				ASSETCATALOG_COMPILER_APPICON_NAME = AppIcon;
				ASSETCATALOG_COMPILER_GLOBAL_ACCENT_COLOR_NAME = AccentColor;
				CODE_SIGN_STYLE = Automatic;
				CURRENT_PROJECT_VERSION = 1;
				DEVELOPMENT_ASSET_PATHS = "\"TuneIn/Preview Content\"";
				DEVELOPMENT_TEAM = 2VHAH62T69;
				ENABLE_PREVIEWS = YES;
				EXCLUDED_ARCHS = "";
				FRAMEWORK_SEARCH_PATHS = (
					"$(inherited)",
					"$(PROJECT_DIR)",
					"$(PROJECT_DIR)/ios-sdk-1.2.2",
				);
				GENERATE_INFOPLIST_FILE = YES;
				INFOPLIST_KEY_UIApplicationSceneManifest_Generation = YES;
				INFOPLIST_KEY_UIApplicationSupportsIndirectInputEvents = YES;
				INFOPLIST_KEY_UILaunchScreen_Generation = YES;
				INFOPLIST_KEY_UISupportedInterfaceOrientations_iPad = "UIInterfaceOrientationPortrait UIInterfaceOrientationPortraitUpsideDown UIInterfaceOrientationLandscapeLeft UIInterfaceOrientationLandscapeRight";
				INFOPLIST_KEY_UISupportedInterfaceOrientations_iPhone = "UIInterfaceOrientationPortrait UIInterfaceOrientationLandscapeLeft UIInterfaceOrientationLandscapeRight";
				LD_RUNPATH_SEARCH_PATHS = (
					"$(inherited)",
					"@executable_path/Frameworks",
				);
				MARKETING_VERSION = 1.0;
				ONLY_ACTIVE_ARCH = NO;
				OTHER_LDFLAGS = "-ObjC";
				PRODUCT_BUNDLE_IDENTIFIER = "-43.TuneIn";
				PRODUCT_NAME = "$(TARGET_NAME)";
				SWIFT_EMIT_LOC_STRINGS = YES;
				SWIFT_OBJC_BRIDGING_HEADER = "TuneIn-Bridging-Header.h";
				SWIFT_VERSION = 5.0;
				TARGETED_DEVICE_FAMILY = "1,2";
			};
			name = Release;
		};
/* End XCBuildConfiguration section */

/* Begin XCConfigurationList section */
		D34D47AE28F9DB6E00224758 /* Build configuration list for PBXProject "TuneIn" */ = {
			isa = XCConfigurationList;
			buildConfigurations = (
				D34D47BF28F9DB7000224758 /* Debug */,
				D34D47C028F9DB7000224758 /* Release */,
			);
			defaultConfigurationIsVisible = 0;
			defaultConfigurationName = Release;
		};
		D34D47C128F9DB7000224758 /* Build configuration list for PBXNativeTarget "TuneIn" */ = {
			isa = XCConfigurationList;
			buildConfigurations = (
				D34D47C228F9DB7000224758 /* Debug */,
				D34D47C328F9DB7000224758 /* Release */,
			);
			defaultConfigurationIsVisible = 0;
			defaultConfigurationName = Release;
		};
/* End XCConfigurationList section */

/* Begin XCRemoteSwiftPackageReference section */
		B1C0CA2D29142C6700445D87 /* XCRemoteSwiftPackageReference "firebase-ios-sdk" */ = {
			isa = XCRemoteSwiftPackageReference;
			repositoryURL = "https://github.com/firebase/firebase-ios-sdk.git";
			requirement = {
				kind = upToNextMajorVersion;
				minimumVersion = 9.0.0;
			};
		};
/* End XCRemoteSwiftPackageReference section */

/* Begin XCSwiftPackageProductDependency section */
		B1C0CA2E29142C6700445D87 /* FirebaseAnalytics */ = {
			isa = XCSwiftPackageProductDependency;
			package = B1C0CA2D29142C6700445D87 /* XCRemoteSwiftPackageReference "firebase-ios-sdk" */;
			productName = FirebaseAnalytics;
		};
		B1C0CA3029142C6700445D87 /* FirebaseAnalyticsOnDeviceConversion */ = {
			isa = XCSwiftPackageProductDependency;
			package = B1C0CA2D29142C6700445D87 /* XCRemoteSwiftPackageReference "firebase-ios-sdk" */;
			productName = FirebaseAnalyticsOnDeviceConversion;
		};
		B1C0CA3229142C6700445D87 /* FirebaseAnalyticsSwift */ = {
			isa = XCSwiftPackageProductDependency;
			package = B1C0CA2D29142C6700445D87 /* XCRemoteSwiftPackageReference "firebase-ios-sdk" */;
			productName = FirebaseAnalyticsSwift;
		};
		B1C0CA3429142C6700445D87 /* FirebaseAppCheck */ = {
			isa = XCSwiftPackageProductDependency;
			package = B1C0CA2D29142C6700445D87 /* XCRemoteSwiftPackageReference "firebase-ios-sdk" */;
			productName = FirebaseAppCheck;
		};
		B1C0CA3629142C6700445D87 /* FirebaseAppDistribution-Beta */ = {
			isa = XCSwiftPackageProductDependency;
			package = B1C0CA2D29142C6700445D87 /* XCRemoteSwiftPackageReference "firebase-ios-sdk" */;
			productName = "FirebaseAppDistribution-Beta";
		};
		B1C0CA3829142C6700445D87 /* FirebaseAuth */ = {
			isa = XCSwiftPackageProductDependency;
			package = B1C0CA2D29142C6700445D87 /* XCRemoteSwiftPackageReference "firebase-ios-sdk" */;
			productName = FirebaseAuth;
		};
		B1C0CA3A29142C6700445D87 /* FirebaseCrashlytics */ = {
			isa = XCSwiftPackageProductDependency;
			package = B1C0CA2D29142C6700445D87 /* XCRemoteSwiftPackageReference "firebase-ios-sdk" */;
			productName = FirebaseCrashlytics;
		};
		B1C0CA3C29142C6700445D87 /* FirebaseDatabase */ = {
			isa = XCSwiftPackageProductDependency;
			package = B1C0CA2D29142C6700445D87 /* XCRemoteSwiftPackageReference "firebase-ios-sdk" */;
			productName = FirebaseDatabase;
		};
		B1C0CA3E29142C6700445D87 /* FirebaseDatabaseSwift */ = {
			isa = XCSwiftPackageProductDependency;
			package = B1C0CA2D29142C6700445D87 /* XCRemoteSwiftPackageReference "firebase-ios-sdk" */;
			productName = FirebaseDatabaseSwift;
		};
		B1C0CA4029142C6700445D87 /* FirebaseDynamicLinks */ = {
			isa = XCSwiftPackageProductDependency;
			package = B1C0CA2D29142C6700445D87 /* XCRemoteSwiftPackageReference "firebase-ios-sdk" */;
			productName = FirebaseDynamicLinks;
		};
		B1C0CA4229142C6700445D87 /* FirebaseFirestore */ = {
			isa = XCSwiftPackageProductDependency;
			package = B1C0CA2D29142C6700445D87 /* XCRemoteSwiftPackageReference "firebase-ios-sdk" */;
			productName = FirebaseFirestore;
		};
		B1C0CA4429142C6700445D87 /* FirebaseFirestoreCombine-Community */ = {
			isa = XCSwiftPackageProductDependency;
			package = B1C0CA2D29142C6700445D87 /* XCRemoteSwiftPackageReference "firebase-ios-sdk" */;
			productName = "FirebaseFirestoreCombine-Community";
		};
		B1C0CA4629142C6700445D87 /* FirebaseFirestoreSwift */ = {
			isa = XCSwiftPackageProductDependency;
			package = B1C0CA2D29142C6700445D87 /* XCRemoteSwiftPackageReference "firebase-ios-sdk" */;
			productName = FirebaseFirestoreSwift;
		};
		B1C0CA4829142C6700445D87 /* FirebaseFunctions */ = {
			isa = XCSwiftPackageProductDependency;
			package = B1C0CA2D29142C6700445D87 /* XCRemoteSwiftPackageReference "firebase-ios-sdk" */;
			productName = FirebaseFunctions;
		};
		B1C0CA4A29142C6700445D87 /* FirebaseStorage */ = {
			isa = XCSwiftPackageProductDependency;
			package = B1C0CA2D29142C6700445D87 /* XCRemoteSwiftPackageReference "firebase-ios-sdk" */;
			productName = FirebaseStorage;
		};
		B1C0CA4C29142C6700445D87 /* FirebaseStorageCombine-Community */ = {
			isa = XCSwiftPackageProductDependency;
			package = B1C0CA2D29142C6700445D87 /* XCRemoteSwiftPackageReference "firebase-ios-sdk" */;
			productName = "FirebaseStorageCombine-Community";
		};
/* End XCSwiftPackageProductDependency section */
	};
	rootObject = D34D47AB28F9DB6E00224758 /* Project object */;
}
